// !$*UTF8*$!
{
	archiveVersion = 1;
	classes = {
	};
	objectVersion = 56;
	objects = {

/* Begin PBXBuildFile section */
		42C02F942B08CCE200C76499 /* InteractiveWidget_demoApp.swift in Sources */ = {isa = PBXBuildFile; fileRef = 42C02F932B08CCE200C76499 /* InteractiveWidget_demoApp.swift */; };
		42C02F962B08CCE200C76499 /* ContentView.swift in Sources */ = {isa = PBXBuildFile; fileRef = 42C02F952B08CCE200C76499 /* ContentView.swift */; };
		42C02F982B08CCE400C76499 /* Assets.xcassets in Resources */ = {isa = PBXBuildFile; fileRef = 42C02F972B08CCE400C76499 /* Assets.xcassets */; };
		42C02F9B2B08CCE400C76499 /* Preview Assets.xcassets in Resources */ = {isa = PBXBuildFile; fileRef = 42C02F9A2B08CCE400C76499 /* Preview Assets.xcassets */; };
		42C02FA82B08CD0F00C76499 /* WidgetKit.framework in Frameworks */ = {isa = PBXBuildFile; fileRef = 42C02FA72B08CD0F00C76499 /* WidgetKit.framework */; };
		42C02FAA2B08CD0F00C76499 /* SwiftUI.framework in Frameworks */ = {isa = PBXBuildFile; fileRef = 42C02FA92B08CD0F00C76499 /* SwiftUI.framework */; };
		42C02FAD2B08CD0F00C76499 /* TaskWidgetBundle.swift in Sources */ = {isa = PBXBuildFile; fileRef = 42C02FAC2B08CD0F00C76499 /* TaskWidgetBundle.swift */; };
		42C02FAF2B08CD0F00C76499 /* TaskWidgetLiveActivity.swift in Sources */ = {isa = PBXBuildFile; fileRef = 42C02FAE2B08CD0F00C76499 /* TaskWidgetLiveActivity.swift */; };
		42C02FB12B08CD0F00C76499 /* TaskWidget.swift in Sources */ = {isa = PBXBuildFile; fileRef = 42C02FB02B08CD0F00C76499 /* TaskWidget.swift */; };
		42C02FB32B08CD0F00C76499 /* AppIntent.swift in Sources */ = {isa = PBXBuildFile; fileRef = 42C02FB22B08CD0F00C76499 /* AppIntent.swift */; };
		42C02FB52B08CD1200C76499 /* Assets.xcassets in Resources */ = {isa = PBXBuildFile; fileRef = 42C02FB42B08CD1200C76499 /* Assets.xcassets */; };
		42C02FB92B08CD1200C76499 /* TaskWidgetExtension.appex in Embed Foundation Extensions */ = {isa = PBXBuildFile; fileRef = 42C02FA52B08CD0F00C76499 /* TaskWidgetExtension.appex */; settings = {ATTRIBUTES = (RemoveHeadersOnCopy, ); }; };
		42C02FBF2B08E17400C76499 /* TaskModel.swift in Sources */ = {isa = PBXBuildFile; fileRef = 42C02FBE2B08E17400C76499 /* TaskModel.swift */; };
		42C02FC02B08E17400C76499 /* TaskModel.swift in Sources */ = {isa = PBXBuildFile; fileRef = 42C02FBE2B08E17400C76499 /* TaskModel.swift */; };
		42C02FC22B08E67900C76499 /* ToggleIntentView.swift in Sources */ = {isa = PBXBuildFile; fileRef = 42C02FC12B08E67900C76499 /* ToggleIntentView.swift */; };
		42C02FC32B08E67900C76499 /* ToggleIntentView.swift in Sources */ = {isa = PBXBuildFile; fileRef = 42C02FC12B08E67900C76499 /* ToggleIntentView.swift */; };
/* End PBXBuildFile section */

/* Begin PBXContainerItemProxy section */
		42C02FB72B08CD1200C76499 /* PBXContainerItemProxy */ = {
			isa = PBXContainerItemProxy;
			containerPortal = 42C02F882B08CCE200C76499 /* Project object */;
			proxyType = 1;
			remoteGlobalIDString = 42C02FA42B08CD0F00C76499;
			remoteInfo = TaskWidgetExtension;
		};
/* End PBXContainerItemProxy section */

/* Begin PBXCopyFilesBuildPhase section */
		42C02FBD2B08CD1200C76499 /* Embed Foundation Extensions */ = {
			isa = PBXCopyFilesBuildPhase;
			buildActionMask = 2147483647;
			dstPath = "";
			dstSubfolderSpec = 13;
			files = (
				42C02FB92B08CD1200C76499 /* TaskWidgetExtension.appex in Embed Foundation Extensions */,
			);
			name = "Embed Foundation Extensions";
			runOnlyForDeploymentPostprocessing = 0;
		};
/* End PBXCopyFilesBuildPhase section */

/* Begin PBXFileReference section */
		42C02F902B08CCE200C76499 /* InteractiveWidget_demo.app */ = {isa = PBXFileReference; explicitFileType = wrapper.application; includeInIndex = 0; path = InteractiveWidget_demo.app; sourceTree = BUILT_PRODUCTS_DIR; };
		42C02F932B08CCE200C76499 /* InteractiveWidget_demoApp.swift */ = {isa = PBXFileReference; lastKnownFileType = sourcecode.swift; path = InteractiveWidget_demoApp.swift; sourceTree = "<group>"; };
		42C02F952B08CCE200C76499 /* ContentView.swift */ = {isa = PBXFileReference; lastKnownFileType = sourcecode.swift; path = ContentView.swift; sourceTree = "<group>"; };
		42C02F972B08CCE400C76499 /* Assets.xcassets */ = {isa = PBXFileReference; lastKnownFileType = folder.assetcatalog; path = Assets.xcassets; sourceTree = "<group>"; };
		42C02F9A2B08CCE400C76499 /* Preview Assets.xcassets */ = {isa = PBXFileReference; lastKnownFileType = folder.assetcatalog; path = "Preview Assets.xcassets"; sourceTree = "<group>"; };
		42C02FA52B08CD0F00C76499 /* TaskWidgetExtension.appex */ = {isa = PBXFileReference; explicitFileType = "wrapper.app-extension"; includeInIndex = 0; path = TaskWidgetExtension.appex; sourceTree = BUILT_PRODUCTS_DIR; };
		42C02FA72B08CD0F00C76499 /* WidgetKit.framework */ = {isa = PBXFileReference; lastKnownFileType = wrapper.framework; name = WidgetKit.framework; path = System/Library/Frameworks/WidgetKit.framework; sourceTree = SDKROOT; };
		42C02FA92B08CD0F00C76499 /* SwiftUI.framework */ = {isa = PBXFileReference; lastKnownFileType = wrapper.framework; name = SwiftUI.framework; path = System/Library/Frameworks/SwiftUI.framework; sourceTree = SDKROOT; };
		42C02FAC2B08CD0F00C76499 /* TaskWidgetBundle.swift */ = {isa = PBXFileReference; lastKnownFileType = sourcecode.swift; path = TaskWidgetBundle.swift; sourceTree = "<group>"; };
		42C02FAE2B08CD0F00C76499 /* TaskWidgetLiveActivity.swift */ = {isa = PBXFileReference; lastKnownFileType = sourcecode.swift; path = TaskWidgetLiveActivity.swift; sourceTree = "<group>"; };
		42C02FB02B08CD0F00C76499 /* TaskWidget.swift */ = {isa = PBXFileReference; lastKnownFileType = sourcecode.swift; path = TaskWidget.swift; sourceTree = "<group>"; };
		42C02FB22B08CD0F00C76499 /* AppIntent.swift */ = {isa = PBXFileReference; lastKnownFileType = sourcecode.swift; path = AppIntent.swift; sourceTree = "<group>"; };
		42C02FB42B08CD1200C76499 /* Assets.xcassets */ = {isa = PBXFileReference; lastKnownFileType = folder.assetcatalog; path = Assets.xcassets; sourceTree = "<group>"; };
		42C02FB62B08CD1200C76499 /* Info.plist */ = {isa = PBXFileReference; lastKnownFileType = text.plist.xml; path = Info.plist; sourceTree = "<group>"; };
		42C02FBE2B08E17400C76499 /* TaskModel.swift */ = {isa = PBXFileReference; lastKnownFileType = sourcecode.swift; path = TaskModel.swift; sourceTree = "<group>"; };
		42C02FC12B08E67900C76499 /* ToggleIntentView.swift */ = {isa = PBXFileReference; lastKnownFileType = sourcecode.swift; path = ToggleIntentView.swift; sourceTree = "<group>"; };
/* End PBXFileReference section */

/* Begin PBXFrameworksBuildPhase section */
		42C02F8D2B08CCE200C76499 /* Frameworks */ = {
			isa = PBXFrameworksBuildPhase;
			buildActionMask = 2147483647;
			files = (
			);
			runOnlyForDeploymentPostprocessing = 0;
		};
		42C02FA22B08CD0F00C76499 /* Frameworks */ = {
			isa = PBXFrameworksBuildPhase;
			buildActionMask = 2147483647;
			files = (
				42C02FAA2B08CD0F00C76499 /* SwiftUI.framework in Frameworks */,
				42C02FA82B08CD0F00C76499 /* WidgetKit.framework in Frameworks */,
			);
			runOnlyForDeploymentPostprocessing = 0;
		};
/* End PBXFrameworksBuildPhase section */

/* Begin PBXGroup section */
		42C02F872B08CCE200C76499 = {
			isa = PBXGroup;
			children = (
				42C02F922B08CCE200C76499 /* InteractiveWidget_demo */,
				42C02FAB2B08CD0F00C76499 /* TaskWidget */,
				42C02FA62B08CD0F00C76499 /* Frameworks */,
				42C02F912B08CCE200C76499 /* Products */,
			);
			sourceTree = "<group>";
		};
		42C02F912B08CCE200C76499 /* Products */ = {
			isa = PBXGroup;
			children = (
				42C02F902B08CCE200C76499 /* InteractiveWidget_demo.app */,
				42C02FA52B08CD0F00C76499 /* TaskWidgetExtension.appex */,
			);
			name = Products;
			sourceTree = "<group>";
		};
		42C02F922B08CCE200C76499 /* InteractiveWidget_demo */ = {
			isa = PBXGroup;
			children = (
				42C02F932B08CCE200C76499 /* InteractiveWidget_demoApp.swift */,
				42C02F952B08CCE200C76499 /* ContentView.swift */,
				42C02F972B08CCE400C76499 /* Assets.xcassets */,
				42C02F992B08CCE400C76499 /* Preview Content */,
				42C02FBE2B08E17400C76499 /* TaskModel.swift */,
			);
			path = InteractiveWidget_demo;
			sourceTree = "<group>";
		};
		42C02F992B08CCE400C76499 /* Preview Content */ = {
			isa = PBXGroup;
			children = (
				42C02F9A2B08CCE400C76499 /* Preview Assets.xcassets */,
			);
			path = "Preview Content";
			sourceTree = "<group>";
		};
		42C02FA62B08CD0F00C76499 /* Frameworks */ = {
			isa = PBXGroup;
			children = (
				42C02FA72B08CD0F00C76499 /* WidgetKit.framework */,
				42C02FA92B08CD0F00C76499 /* SwiftUI.framework */,
			);
			name = Frameworks;
			sourceTree = "<group>";
		};
		42C02FAB2B08CD0F00C76499 /* TaskWidget */ = {
			isa = PBXGroup;
			children = (
				42C02FAC2B08CD0F00C76499 /* TaskWidgetBundle.swift */,
				42C02FAE2B08CD0F00C76499 /* TaskWidgetLiveActivity.swift */,
				42C02FB02B08CD0F00C76499 /* TaskWidget.swift */,
				42C02FB22B08CD0F00C76499 /* AppIntent.swift */,
				42C02FB42B08CD1200C76499 /* Assets.xcassets */,
				42C02FB62B08CD1200C76499 /* Info.plist */,
				42C02FC12B08E67900C76499 /* ToggleIntentView.swift */,
			);
			path = TaskWidget;
			sourceTree = "<group>";
		};
/* End PBXGroup section */

/* Begin PBXNativeTarget section */
		42C02F8F2B08CCE200C76499 /* InteractiveWidget_demo */ = {
			isa = PBXNativeTarget;
			buildConfigurationList = 42C02F9E2B08CCE400C76499 /* Build configuration list for PBXNativeTarget "InteractiveWidget_demo" */;
			buildPhases = (
				42C02F8C2B08CCE200C76499 /* Sources */,
				42C02F8D2B08CCE200C76499 /* Frameworks */,
				42C02F8E2B08CCE200C76499 /* Resources */,
				42C02FBD2B08CD1200C76499 /* Embed Foundation Extensions */,
			);
			buildRules = (
			);
			dependencies = (
				42C02FB82B08CD1200C76499 /* PBXTargetDependency */,
			);
			name = InteractiveWidget_demo;
			productName = InteractiveWidget_demo;
			productReference = 42C02F902B08CCE200C76499 /* InteractiveWidget_demo.app */;
			productType = "com.apple.product-type.application";
		};
		42C02FA42B08CD0F00C76499 /* TaskWidgetExtension */ = {
			isa = PBXNativeTarget;
			buildConfigurationList = 42C02FBA2B08CD1200C76499 /* Build configuration list for PBXNativeTarget "TaskWidgetExtension" */;
			buildPhases = (
				42C02FA12B08CD0F00C76499 /* Sources */,
				42C02FA22B08CD0F00C76499 /* Frameworks */,
				42C02FA32B08CD0F00C76499 /* Resources */,
			);
			buildRules = (
			);
			dependencies = (
			);
			name = TaskWidgetExtension;
			productName = TaskWidgetExtension;
			productReference = 42C02FA52B08CD0F00C76499 /* TaskWidgetExtension.appex */;
			productType = "com.apple.product-type.app-extension";
		};
/* End PBXNativeTarget section */

/* Begin PBXProject section */
		42C02F882B08CCE200C76499 /* Project object */ = {
			isa = PBXProject;
			attributes = {
				BuildIndependentTargetsInParallel = 1;
				LastSwiftUpdateCheck = 1500;
				LastUpgradeCheck = 1500;
				TargetAttributes = {
					42C02F8F2B08CCE200C76499 = {
						CreatedOnToolsVersion = 15.0;
					};
					42C02FA42B08CD0F00C76499 = {
						CreatedOnToolsVersion = 15.0;
					};
				};
			};
			buildConfigurationList = 42C02F8B2B08CCE200C76499 /* Build configuration list for PBXProject "InteractiveWidget_demo" */;
			compatibilityVersion = "Xcode 14.0";
			developmentRegion = en;
			hasScannedForEncodings = 0;
			knownRegions = (
				en,
				Base,
			);
			mainGroup = 42C02F872B08CCE200C76499;
			productRefGroup = 42C02F912B08CCE200C76499 /* Products */;
			projectDirPath = "";
			projectRoot = "";
			targets = (
				42C02F8F2B08CCE200C76499 /* InteractiveWidget_demo */,
				42C02FA42B08CD0F00C76499 /* TaskWidgetExtension */,
			);
		};
/* End PBXProject section */

/* Begin PBXResourcesBuildPhase section */
		42C02F8E2B08CCE200C76499 /* Resources */ = {
			isa = PBXResourcesBuildPhase;
			buildActionMask = 2147483647;
			files = (
				42C02F9B2B08CCE400C76499 /* Preview Assets.xcassets in Resources */,
				42C02F982B08CCE400C76499 /* Assets.xcassets in Resources */,
			);
			runOnlyForDeploymentPostprocessing = 0;
		};
		42C02FA32B08CD0F00C76499 /* Resources */ = {
			isa = PBXResourcesBuildPhase;
			buildActionMask = 2147483647;
			files = (
				42C02FB52B08CD1200C76499 /* Assets.xcassets in Resources */,
			);
			runOnlyForDeploymentPostprocessing = 0;
		};
/* End PBXResourcesBuildPhase section */

/* Begin PBXSourcesBuildPhase section */
		42C02F8C2B08CCE200C76499 /* Sources */ = {
			isa = PBXSourcesBuildPhase;
			buildActionMask = 2147483647;
			files = (
				42C02FC22B08E67900C76499 /* ToggleIntentView.swift in Sources */,
				42C02FBF2B08E17400C76499 /* TaskModel.swift in Sources */,
				42C02F962B08CCE200C76499 /* ContentView.swift in Sources */,
				42C02F942B08CCE200C76499 /* InteractiveWidget_demoApp.swift in Sources */,
			);
			runOnlyForDeploymentPostprocessing = 0;
		};
		42C02FA12B08CD0F00C76499 /* Sources */ = {
			isa = PBXSourcesBuildPhase;
			buildActionMask = 2147483647;
			files = (
				42C02FAD2B08CD0F00C76499 /* TaskWidgetBundle.swift in Sources */,
				42C02FB32B08CD0F00C76499 /* AppIntent.swift in Sources */,
				42C02FC32B08E67900C76499 /* ToggleIntentView.swift in Sources */,
				42C02FC02B08E17400C76499 /* TaskModel.swift in Sources */,
				42C02FAF2B08CD0F00C76499 /* TaskWidgetLiveActivity.swift in Sources */,
				42C02FB12B08CD0F00C76499 /* TaskWidget.swift in Sources */,
			);
			runOnlyForDeploymentPostprocessing = 0;
		};
/* End PBXSourcesBuildPhase section */

/* Begin PBXTargetDependency section */
		42C02FB82B08CD1200C76499 /* PBXTargetDependency */ = {
			isa = PBXTargetDependency;
			target = 42C02FA42B08CD0F00C76499 /* TaskWidgetExtension */;
			targetProxy = 42C02FB72B08CD1200C76499 /* PBXContainerItemProxy */;
		};
/* End PBXTargetDependency section */

/* Begin XCBuildConfiguration section */
		42C02F9C2B08CCE400C76499 /* Debug */ = {
			isa = XCBuildConfiguration;
			buildSettings = {
				ALWAYS_SEARCH_USER_PATHS = NO;
				ASSETCATALOG_COMPILER_GENERATE_SWIFT_ASSET_SYMBOL_EXTENSIONS = YES;
				CLANG_ANALYZER_NONNULL = YES;
				CLANG_ANALYZER_NUMBER_OBJECT_CONVERSION = YES_AGGRESSIVE;
				CLANG_CXX_LANGUAGE_STANDARD = "gnu++20";
				CLANG_ENABLE_MODULES = YES;
				CLANG_ENABLE_OBJC_ARC = YES;
				CLANG_ENABLE_OBJC_WEAK = YES;
				CLANG_WARN_BLOCK_CAPTURE_AUTORELEASING = YES;
				CLANG_WARN_BOOL_CONVERSION = YES;
				CLANG_WARN_COMMA = YES;
				CLANG_WARN_CONSTANT_CONVERSION = YES;
				CLANG_WARN_DEPRECATED_OBJC_IMPLEMENTATIONS = YES;
				CLANG_WARN_DIRECT_OBJC_ISA_USAGE = YES_ERROR;
				CLANG_WARN_DOCUMENTATION_COMMENTS = YES;
				CLANG_WARN_EMPTY_BODY = YES;
				CLANG_WARN_ENUM_CONVERSION = YES;
				CLANG_WARN_INFINITE_RECURSION = YES;
				CLANG_WARN_INT_CONVERSION = YES;
				CLANG_WARN_NON_LITERAL_NULL_CONVERSION = YES;
				CLANG_WARN_OBJC_IMPLICIT_RETAIN_SELF = YES;
				CLANG_WARN_OBJC_LITERAL_CONVERSION = YES;
				CLANG_WARN_OBJC_ROOT_CLASS = YES_ERROR;
				CLANG_WARN_QUOTED_INCLUDE_IN_FRAMEWORK_HEADER = YES;
				CLANG_WARN_RANGE_LOOP_ANALYSIS = YES;
				CLANG_WARN_STRICT_PROTOTYPES = YES;
				CLANG_WARN_SUSPICIOUS_MOVE = YES;
				CLANG_WARN_UNGUARDED_AVAILABILITY = YES_AGGRESSIVE;
				CLANG_WARN_UNREACHABLE_CODE = YES;
				CLANG_WARN__DUPLICATE_METHOD_MATCH = YES;
				COPY_PHASE_STRIP = NO;
				DEBUG_INFORMATION_FORMAT = dwarf;
				ENABLE_STRICT_OBJC_MSGSEND = YES;
				ENABLE_TESTABILITY = YES;
				ENABLE_USER_SCRIPT_SANDBOXING = YES;
				GCC_C_LANGUAGE_STANDARD = gnu17;
				GCC_DYNAMIC_NO_PIC = NO;
				GCC_NO_COMMON_BLOCKS = YES;
				GCC_OPTIMIZATION_LEVEL = 0;
				GCC_PREPROCESSOR_DEFINITIONS = (
					"DEBUG=1",
					"$(inherited)",
				);
				GCC_WARN_64_TO_32_BIT_CONVERSION = YES;
				GCC_WARN_ABOUT_RETURN_TYPE = YES_ERROR;
				GCC_WARN_UNDECLARED_SELECTOR = YES;
				GCC_WARN_UNINITIALIZED_AUTOS = YES_AGGRESSIVE;
				GCC_WARN_UNUSED_FUNCTION = YES;
				GCC_WARN_UNUSED_VARIABLE = YES;
				IPHONEOS_DEPLOYMENT_TARGET = 17.0;
				LOCALIZATION_PREFERS_STRING_CATALOGS = YES;
				MTL_ENABLE_DEBUG_INFO = INCLUDE_SOURCE;
				MTL_FAST_MATH = YES;
				ONLY_ACTIVE_ARCH = YES;
				SDKROOT = iphoneos;
				SWIFT_ACTIVE_COMPILATION_CONDITIONS = "DEBUG $(inherited)";
				SWIFT_OPTIMIZATION_LEVEL = "-Onone";
			};
			name = Debug;
		};
		42C02F9D2B08CCE400C76499 /* Release */ = {
			isa = XCBuildConfiguration;
			buildSettings = {
				ALWAYS_SEARCH_USER_PATHS = NO;
				ASSETCATALOG_COMPILER_GENERATE_SWIFT_ASSET_SYMBOL_EXTENSIONS = YES;
				CLANG_ANALYZER_NONNULL = YES;
				CLANG_ANALYZER_NUMBER_OBJECT_CONVERSION = YES_AGGRESSIVE;
				CLANG_CXX_LANGUAGE_STANDARD = "gnu++20";
				CLANG_ENABLE_MODULES = YES;
				CLANG_ENABLE_OBJC_ARC = YES;
				CLANG_ENABLE_OBJC_WEAK = YES;
				CLANG_WARN_BLOCK_CAPTURE_AUTORELEASING = YES;
				CLANG_WARN_BOOL_CONVERSION = YES;
				CLANG_WARN_COMMA = YES;
				CLANG_WARN_CONSTANT_CONVERSION = YES;
				CLANG_WARN_DEPRECATED_OBJC_IMPLEMENTATIONS = YES;
				CLANG_WARN_DIRECT_OBJC_ISA_USAGE = YES_ERROR;
				CLANG_WARN_DOCUMENTATION_COMMENTS = YES;
				CLANG_WARN_EMPTY_BODY = YES;
				CLANG_WARN_ENUM_CONVERSION = YES;
				CLANG_WARN_INFINITE_RECURSION = YES;
				CLANG_WARN_INT_CONVERSION = YES;
				CLANG_WARN_NON_LITERAL_NULL_CONVERSION = YES;
				CLANG_WARN_OBJC_IMPLICIT_RETAIN_SELF = YES;
				CLANG_WARN_OBJC_LITERAL_CONVERSION = YES;
				CLANG_WARN_OBJC_ROOT_CLASS = YES_ERROR;
				CLANG_WARN_QUOTED_INCLUDE_IN_FRAMEWORK_HEADER = YES;
				CLANG_WARN_RANGE_LOOP_ANALYSIS = YES;
				CLANG_WARN_STRICT_PROTOTYPES = YES;
				CLANG_WARN_SUSPICIOUS_MOVE = YES;
				CLANG_WARN_UNGUARDED_AVAILABILITY = YES_AGGRESSIVE;
				CLANG_WARN_UNREACHABLE_CODE = YES;
				CLANG_WARN__DUPLICATE_METHOD_MATCH = YES;
				COPY_PHASE_STRIP = NO;
				DEBUG_INFORMATION_FORMAT = "dwarf-with-dsym";
				ENABLE_NS_ASSERTIONS = NO;
				ENABLE_STRICT_OBJC_MSGSEND = YES;
				ENABLE_USER_SCRIPT_SANDBOXING = YES;
				GCC_C_LANGUAGE_STANDARD = gnu17;
				GCC_NO_COMMON_BLOCKS = YES;
				GCC_WARN_64_TO_32_BIT_CONVERSION = YES;
				GCC_WARN_ABOUT_RETURN_TYPE = YES_ERROR;
				GCC_WARN_UNDECLARED_SELECTOR = YES;
				GCC_WARN_UNINITIALIZED_AUTOS = YES_AGGRESSIVE;
				GCC_WARN_UNUSED_FUNCTION = YES;
				GCC_WARN_UNUSED_VARIABLE = YES;
				IPHONEOS_DEPLOYMENT_TARGET = 17.0;
				LOCALIZATION_PREFERS_STRING_CATALOGS = YES;
				MTL_ENABLE_DEBUG_INFO = NO;
				MTL_FAST_MATH = YES;
				SDKROOT = iphoneos;
				SWIFT_COMPILATION_MODE = wholemodule;
				VALIDATE_PRODUCT = YES;
			};
			name = Release;
		};
		42C02F9F2B08CCE400C76499 /* Debug */ = {
			isa = XCBuildConfiguration;
			buildSettings = {
				ALWAYS_EMBED_SWIFT_STANDARD_LIBRARIES = YES;
				ASSETCATALOG_COMPILER_APPICON_NAME = AppIcon;
				ASSETCATALOG_COMPILER_GLOBAL_ACCENT_COLOR_NAME = AccentColor;
				CODE_SIGN_STYLE = Automatic;
				CURRENT_PROJECT_VERSION = 1;
				DEVELOPMENT_ASSET_PATHS = "\"InteractiveWidget_demo/Preview Content\"";
				DEVELOPMENT_TEAM = 87NW43K2L2;
				ENABLE_PREVIEWS = YES;
				GENERATE_INFOPLIST_FILE = YES;
				INFOPLIST_KEY_UIApplicationSceneManifest_Generation = YES;
				INFOPLIST_KEY_UIApplicationSupportsIndirectInputEvents = YES;
				INFOPLIST_KEY_UILaunchScreen_Generation = YES;
				INFOPLIST_KEY_UISupportedInterfaceOrientations_iPad = "UIInterfaceOrientationPortrait UIInterfaceOrientationPortraitUpsideDown UIInterfaceOrientationLandscapeLeft UIInterfaceOrientationLandscapeRight";
				INFOPLIST_KEY_UISupportedInterfaceOrientations_iPhone = "UIInterfaceOrientationPortrait UIInterfaceOrientationLandscapeLeft UIInterfaceOrientationLandscapeRight";
				LD_RUNPATH_SEARCH_PATHS = (
					"$(inherited)",
					"@executable_path/Frameworks",
				);
				MARKETING_VERSION = 1.0;
				PRODUCT_BUNDLE_IDENTIFIER = "comvigneshzx.InteractiveWidget-demo";
				PRODUCT_NAME = "$(TARGET_NAME)";
				SWIFT_EMIT_LOC_STRINGS = YES;
				SWIFT_VERSION = 5.0;
				TARGETED_DEVICE_FAMILY = "1,2";
			};
			name = Debug;
		};
		42C02FA02B08CCE400C76499 /* Release */ = {
			isa = XCBuildConfiguration;
			buildSettings = {
				ALWAYS_EMBED_SWIFT_STANDARD_LIBRARIES = YES;
				ASSETCATALOG_COMPILER_APPICON_NAME = AppIcon;
				ASSETCATALOG_COMPILER_GLOBAL_ACCENT_COLOR_NAME = AccentColor;
				CODE_SIGN_STYLE = Automatic;
				CURRENT_PROJECT_VERSION = 1;
				DEVELOPMENT_ASSET_PATHS = "\"InteractiveWidget_demo/Preview Content\"";
				DEVELOPMENT_TEAM = 87NW43K2L2;
				ENABLE_PREVIEWS = YES;
				GENERATE_INFOPLIST_FILE = YES;
				INFOPLIST_KEY_UIApplicationSceneManifest_Generation = YES;
				INFOPLIST_KEY_UIApplicationSupportsIndirectInputEvents = YES;
				INFOPLIST_KEY_UILaunchScreen_Generation = YES;
				INFOPLIST_KEY_UISupportedInterfaceOrientations_iPad = "UIInterfaceOrientationPortrait UIInterfaceOrientationPortraitUpsideDown UIInterfaceOrientationLandscapeLeft UIInterfaceOrientationLandscapeRight";
				INFOPLIST_KEY_UISupportedInterfaceOrientations_iPhone = "UIInterfaceOrientationPortrait UIInterfaceOrientationLandscapeLeft UIInterfaceOrientationLandscapeRight";
				LD_RUNPATH_SEARCH_PATHS = (
					"$(inherited)",
					"@executable_path/Frameworks",
				);
				MARKETING_VERSION = 1.0;
				PRODUCT_BUNDLE_IDENTIFIER = "comvigneshzx.InteractiveWidget-demo";
				PRODUCT_NAME = "$(TARGET_NAME)";
				SWIFT_EMIT_LOC_STRINGS = YES;
				SWIFT_VERSION = 5.0;
				TARGETED_DEVICE_FAMILY = "1,2";
			};
			name = Release;
		};
		42C02FBB2B08CD1200C76499 /* Debug */ = {
			isa = XCBuildConfiguration;
			buildSettings = {
				ASSETCATALOG_COMPILER_GLOBAL_ACCENT_COLOR_NAME = AccentColor;
				ASSETCATALOG_COMPILER_WIDGET_BACKGROUND_COLOR_NAME = WidgetBackground;
				CODE_SIGN_STYLE = Automatic;
				CURRENT_PROJECT_VERSION = 1;
				DEVELOPMENT_TEAM = 87NW43K2L2;
				GENERATE_INFOPLIST_FILE = YES;
				INFOPLIST_FILE = TaskWidget/Info.plist;
				INFOPLIST_KEY_CFBundleDisplayName = TaskWidget;
				INFOPLIST_KEY_NSHumanReadableCopyright = "";
				LD_RUNPATH_SEARCH_PATHS = (
					"$(inherited)",
					"@executable_path/Frameworks",
					"@executable_path/../../Frameworks",
				);
				MARKETING_VERSION = 1.0;
				PRODUCT_BUNDLE_IDENTIFIER = "comvigneshzx.InteractiveWidget-demo.TaskWidget";
				PRODUCT_NAME = "$(TARGET_NAME)";
				SKIP_INSTALL = YES;
				SWIFT_EMIT_LOC_STRINGS = YES;
				SWIFT_VERSION = 5.0;
				TARGETED_DEVICE_FAMILY = "1,2";
			};
			name = Debug;
		};
		42C02FBC2B08CD1200C76499 /* Release */ = {
			isa = XCBuildConfiguration;
			buildSettings = {
				ASSETCATALOG_COMPILER_GLOBAL_ACCENT_COLOR_NAME = AccentColor;
				ASSETCATALOG_COMPILER_WIDGET_BACKGROUND_COLOR_NAME = WidgetBackground;
				CODE_SIGN_STYLE = Automatic;
				CURRENT_PROJECT_VERSION = 1;
				DEVELOPMENT_TEAM = 87NW43K2L2;
				GENERATE_INFOPLIST_FILE = YES;
				INFOPLIST_FILE = TaskWidget/Info.plist;
				INFOPLIST_KEY_CFBundleDisplayName = TaskWidget;
				INFOPLIST_KEY_NSHumanReadableCopyright = "";
				LD_RUNPATH_SEARCH_PATHS = (
					"$(inherited)",
					"@executable_path/Frameworks",
					"@executable_path/../../Frameworks",
				);
				MARKETING_VERSION = 1.0;
				PRODUCT_BUNDLE_IDENTIFIER = "comvigneshzx.InteractiveWidget-demo.TaskWidget";
				PRODUCT_NAME = "$(TARGET_NAME)";
				SKIP_INSTALL = YES;
				SWIFT_EMIT_LOC_STRINGS = YES;
				SWIFT_VERSION = 5.0;
				TARGETED_DEVICE_FAMILY = "1,2";
			};
			name = Release;
		};
/* End XCBuildConfiguration section */

/* Begin XCConfigurationList section */
		42C02F8B2B08CCE200C76499 /* Build configuration list for PBXProject "InteractiveWidget_demo" */ = {
			isa = XCConfigurationList;
			buildConfigurations = (
				42C02F9C2B08CCE400C76499 /* Debug */,
				42C02F9D2B08CCE400C76499 /* Release */,
			);
			defaultConfigurationIsVisible = 0;
			defaultConfigurationName = Release;
		};
		42C02F9E2B08CCE400C76499 /* Build configuration list for PBXNativeTarget "InteractiveWidget_demo" */ = {
			isa = XCConfigurationList;
			buildConfigurations = (
				42C02F9F2B08CCE400C76499 /* Debug */,
				42C02FA02B08CCE400C76499 /* Release */,
			);
			defaultConfigurationIsVisible = 0;
			defaultConfigurationName = Release;
		};
		42C02FBA2B08CD1200C76499 /* Build configuration list for PBXNativeTarget "TaskWidgetExtension" */ = {
			isa = XCConfigurationList;
			buildConfigurations = (
				42C02FBB2B08CD1200C76499 /* Debug */,
				42C02FBC2B08CD1200C76499 /* Release */,
			);
			defaultConfigurationIsVisible = 0;
			defaultConfigurationName = Release;
		};
/* End XCConfigurationList section */
	};
	rootObject = 42C02F882B08CCE200C76499 /* Project object */;
}
